// !$*UTF8*$!
{
	archiveVersion = 1;
	classes = {
	};
	objectVersion = 52;
	objects = {

/* Begin PBXBuildFile section */
		EB95E8B32441DED700EFB887 /* CityListTableViewCell.swift in Sources */ = {isa = PBXBuildFile; fileRef = EB95E8B22441DED700EFB887 /* CityListTableViewCell.swift */; };
		EBF69A25244103BB00246305 /* AppDelegate.swift in Sources */ = {isa = PBXBuildFile; fileRef = EBF69A24244103BB00246305 /* AppDelegate.swift */; };
		EBF69A2C244103BB00246305 /* Main.storyboard in Resources */ = {isa = PBXBuildFile; fileRef = EBF69A2A244103BB00246305 /* Main.storyboard */; };
		EBF69A2E244103BE00246305 /* Assets.xcassets in Resources */ = {isa = PBXBuildFile; fileRef = EBF69A2D244103BE00246305 /* Assets.xcassets */; };
		EBF69A31244103BE00246305 /* LaunchScreen.storyboard in Resources */ = {isa = PBXBuildFile; fileRef = EBF69A2F244103BE00246305 /* LaunchScreen.storyboard */; };
		EBF69A3A244104B900246305 /* Lottie in Frameworks */ = {isa = PBXBuildFile; productRef = EBF69A39244104B900246305 /* Lottie */; };
		EBF69A43244105E800246305 /* WeatherNetworkService.swift in Sources */ = {isa = PBXBuildFile; fileRef = EBF69A42244105E800246305 /* WeatherNetworkService.swift */; };
		EBF69A45244105F000246305 /* WeatherModel.swift in Sources */ = {isa = PBXBuildFile; fileRef = EBF69A44244105F000246305 /* WeatherModel.swift */; };
		EBF69A472441060E00246305 /* CityModel.swift in Sources */ = {isa = PBXBuildFile; fileRef = EBF69A462441060E00246305 /* CityModel.swift */; };
		EBF69A4B244107A300246305 /* MainViewController.swift in Sources */ = {isa = PBXBuildFile; fileRef = EBF69A4A244107A300246305 /* MainViewController.swift */; };
		EBF69A4D244107A900246305 /* MainView.swift in Sources */ = {isa = PBXBuildFile; fileRef = EBF69A4C244107A900246305 /* MainView.swift */; };
		EBF69A5724411CC600246305 /* MainModel.swift in Sources */ = {isa = PBXBuildFile; fileRef = EBF69A5624411CC600246305 /* MainModel.swift */; };
		EBF69A5924411D9900246305 /* UIView+Shadow.swift in Sources */ = {isa = PBXBuildFile; fileRef = EBF69A5824411D9900246305 /* UIView+Shadow.swift */; };
		EBF69A5F24412F6B00246305 /* AlertHelper.swift in Sources */ = {isa = PBXBuildFile; fileRef = EBF69A5E24412F6B00246305 /* AlertHelper.swift */; };
		EBF69A6124414C8A00246305 /* CityListViewController.swift in Sources */ = {isa = PBXBuildFile; fileRef = EBF69A6024414C8A00246305 /* CityListViewController.swift */; };
		EBF69A6324414C9400246305 /* CityListView.swift in Sources */ = {isa = PBXBuildFile; fileRef = EBF69A6224414C9400246305 /* CityListView.swift */; };
/* End PBXBuildFile section */

/* Begin PBXFileReference section */
		EB95E8B22441DED700EFB887 /* CityListTableViewCell.swift */ = {isa = PBXFileReference; lastKnownFileType = sourcecode.swift; path = CityListTableViewCell.swift; sourceTree = "<group>"; };
		EBF69A21244103BB00246305 /* SkyWeather.app */ = {isa = PBXFileReference; explicitFileType = wrapper.application; includeInIndex = 0; path = SkyWeather.app; sourceTree = BUILT_PRODUCTS_DIR; };
		EBF69A24244103BB00246305 /* AppDelegate.swift */ = {isa = PBXFileReference; lastKnownFileType = sourcecode.swift; path = AppDelegate.swift; sourceTree = "<group>"; };
		EBF69A2B244103BB00246305 /* Base */ = {isa = PBXFileReference; lastKnownFileType = file.storyboard; name = Base; path = Base.lproj/Main.storyboard; sourceTree = "<group>"; };
		EBF69A2D244103BE00246305 /* Assets.xcassets */ = {isa = PBXFileReference; lastKnownFileType = folder.assetcatalog; path = Assets.xcassets; sourceTree = "<group>"; };
		EBF69A30244103BE00246305 /* Base */ = {isa = PBXFileReference; lastKnownFileType = file.storyboard; name = Base; path = Base.lproj/LaunchScreen.storyboard; sourceTree = "<group>"; };
		EBF69A32244103BE00246305 /* Info.plist */ = {isa = PBXFileReference; lastKnownFileType = text.plist.xml; path = Info.plist; sourceTree = "<group>"; };
		EBF69A42244105E800246305 /* WeatherNetworkService.swift */ = {isa = PBXFileReference; fileEncoding = 4; lastKnownFileType = sourcecode.swift; path = WeatherNetworkService.swift; sourceTree = "<group>"; };
		EBF69A44244105F000246305 /* WeatherModel.swift */ = {isa = PBXFileReference; fileEncoding = 4; lastKnownFileType = sourcecode.swift; path = WeatherModel.swift; sourceTree = "<group>"; };
		EBF69A462441060E00246305 /* CityModel.swift */ = {isa = PBXFileReference; fileEncoding = 4; lastKnownFileType = sourcecode.swift; path = CityModel.swift; sourceTree = "<group>"; };
		EBF69A4A244107A300246305 /* MainViewController.swift */ = {isa = PBXFileReference; lastKnownFileType = sourcecode.swift; path = MainViewController.swift; sourceTree = "<group>"; };
		EBF69A4C244107A900246305 /* MainView.swift */ = {isa = PBXFileReference; lastKnownFileType = sourcecode.swift; path = MainView.swift; sourceTree = "<group>"; };
		EBF69A5624411CC600246305 /* MainModel.swift */ = {isa = PBXFileReference; lastKnownFileType = sourcecode.swift; path = MainModel.swift; sourceTree = "<group>"; };
		EBF69A5824411D9900246305 /* UIView+Shadow.swift */ = {isa = PBXFileReference; lastKnownFileType = sourcecode.swift; path = "UIView+Shadow.swift"; sourceTree = "<group>"; };
		EBF69A5E24412F6B00246305 /* AlertHelper.swift */ = {isa = PBXFileReference; lastKnownFileType = sourcecode.swift; path = AlertHelper.swift; sourceTree = "<group>"; };
		EBF69A6024414C8A00246305 /* CityListViewController.swift */ = {isa = PBXFileReference; lastKnownFileType = sourcecode.swift; path = CityListViewController.swift; sourceTree = "<group>"; };
		EBF69A6224414C9400246305 /* CityListView.swift */ = {isa = PBXFileReference; lastKnownFileType = sourcecode.swift; path = CityListView.swift; sourceTree = "<group>"; };
/* End PBXFileReference section */

/* Begin PBXFrameworksBuildPhase section */
		EBF69A1E244103BB00246305 /* Frameworks */ = {
			isa = PBXFrameworksBuildPhase;
			buildActionMask = 2147483647;
			files = (
				EBF69A3A244104B900246305 /* Lottie in Frameworks */,
			);
			runOnlyForDeploymentPostprocessing = 0;
		};
/* End PBXFrameworksBuildPhase section */

/* Begin PBXGroup section */
		EBF69A18244103BB00246305 = {
			isa = PBXGroup;
			children = (
				EBF69A23244103BB00246305 /* SkyWeather */,
				EBF69A22244103BB00246305 /* Products */,
			);
			sourceTree = "<group>";
		};
		EBF69A22244103BB00246305 /* Products */ = {
			isa = PBXGroup;
			children = (
				EBF69A21244103BB00246305 /* SkyWeather.app */,
			);
			name = Products;
			sourceTree = "<group>";
		};
		EBF69A23244103BB00246305 /* SkyWeather */ = {
			isa = PBXGroup;
			children = (
				EBF69A24244103BB00246305 /* AppDelegate.swift */,
				EBF69A3B2441056E00246305 /* Common */,
				EBF69A3C2441057200246305 /* UserStory */,
				EBF69A2D244103BE00246305 /* Assets.xcassets */,
				EBF69A2A244103BB00246305 /* Main.storyboard */,
				EBF69A2F244103BE00246305 /* LaunchScreen.storyboard */,
				EBF69A32244103BE00246305 /* Info.plist */,
			);
			path = SkyWeather;
			sourceTree = "<group>";
		};
		EBF69A3B2441056E00246305 /* Common */ = {
			isa = PBXGroup;
			children = (
				EBF69A40244105B100246305 /* Extensions+Helpers */,
				EBF69A3F244105AD00246305 /* Service */,
				EBF69A3E244105A800246305 /* Model */,
				EBF69A3D244105A200246305 /* UIComponents */,
			);
			path = Common;
			sourceTree = "<group>";
		};
		EBF69A3C2441057200246305 /* UserStory */ = {
			isa = PBXGroup;
			children = (
				EBF69A492441062C00246305 /* View */,
				EBF69A482441062800246305 /* Controller */,
			);
			path = UserStory;
			sourceTree = "<group>";
		};
		EBF69A3D244105A200246305 /* UIComponents */ = {
			isa = PBXGroup;
			children = (
				EBF69A41244105CB00246305 /* Cells */,
			);
			path = UIComponents;
			sourceTree = "<group>";
		};
		EBF69A3E244105A800246305 /* Model */ = {
			isa = PBXGroup;
			children = (
				EBF69A44244105F000246305 /* WeatherModel.swift */,
				EBF69A5624411CC600246305 /* MainModel.swift */,
			);
			path = Model;
			sourceTree = "<group>";
		};
		EBF69A3F244105AD00246305 /* Service */ = {
			isa = PBXGroup;
			children = (
				EBF69A42244105E800246305 /* WeatherNetworkService.swift */,
				EBF69A462441060E00246305 /* CityModel.swift */,
			);
			path = Service;
			sourceTree = "<group>";
		};
		EBF69A40244105B100246305 /* Extensions+Helpers */ = {
			isa = PBXGroup;
			children = (
				EBF69A5824411D9900246305 /* UIView+Shadow.swift */,
				EBF69A5E24412F6B00246305 /* AlertHelper.swift */,
			);
			path = "Extensions+Helpers";
			sourceTree = "<group>";
		};
		EBF69A41244105CB00246305 /* Cells */ = {
			isa = PBXGroup;
			children = (
				EB95E8B22441DED700EFB887 /* CityListTableViewCell.swift */,
			);
			path = Cells;
			sourceTree = "<group>";
		};
		EBF69A482441062800246305 /* Controller */ = {
			isa = PBXGroup;
			children = (
				EBF69A4A244107A300246305 /* MainViewController.swift */,
				EBF69A6024414C8A00246305 /* CityListViewController.swift */,
			);
			path = Controller;
			sourceTree = "<group>";
		};
		EBF69A492441062C00246305 /* View */ = {
			isa = PBXGroup;
			children = (
				EBF69A4C244107A900246305 /* MainView.swift */,
				EBF69A6224414C9400246305 /* CityListView.swift */,
			);
			path = View;
			sourceTree = "<group>";
		};
/* End PBXGroup section */

/* Begin PBXNativeTarget section */
		EBF69A20244103BB00246305 /* SkyWeather */ = {
			isa = PBXNativeTarget;
			buildConfigurationList = EBF69A35244103BE00246305 /* Build configuration list for PBXNativeTarget "SkyWeather" */;
			buildPhases = (
				EBF69A1D244103BB00246305 /* Sources */,
				EBF69A1E244103BB00246305 /* Frameworks */,
				EBF69A1F244103BB00246305 /* Resources */,
			);
			buildRules = (
			);
			dependencies = (
			);
			name = SkyWeather;
			packageProductDependencies = (
				EBF69A39244104B900246305 /* Lottie */,
			);
			productName = SkyWeather;
			productReference = EBF69A21244103BB00246305 /* SkyWeather.app */;
			productType = "com.apple.product-type.application";
		};
/* End PBXNativeTarget section */

/* Begin PBXProject section */
		EBF69A19244103BB00246305 /* Project object */ = {
			isa = PBXProject;
			attributes = {
				LastSwiftUpdateCheck = 1140;
				LastUpgradeCheck = 1140;
				ORGANIZATIONNAME = VladMus;
				TargetAttributes = {
					EBF69A20244103BB00246305 = {
						CreatedOnToolsVersion = 11.4;
					};
				};
			};
			buildConfigurationList = EBF69A1C244103BB00246305 /* Build configuration list for PBXProject "SkyWeather" */;
			compatibilityVersion = "Xcode 9.3";
			developmentRegion = en;
			hasScannedForEncodings = 0;
			knownRegions = (
				en,
				Base,
			);
			mainGroup = EBF69A18244103BB00246305;
			packageReferences = (
				EBF69A38244104B900246305 /* XCRemoteSwiftPackageReference "lottie-ios" */,
			);
			productRefGroup = EBF69A22244103BB00246305 /* Products */;
			projectDirPath = "";
			projectRoot = "";
			targets = (
				EBF69A20244103BB00246305 /* SkyWeather */,
			);
		};
/* End PBXProject section */

/* Begin PBXResourcesBuildPhase section */
		EBF69A1F244103BB00246305 /* Resources */ = {
			isa = PBXResourcesBuildPhase;
			buildActionMask = 2147483647;
			files = (
				EBF69A31244103BE00246305 /* LaunchScreen.storyboard in Resources */,
				EBF69A2E244103BE00246305 /* Assets.xcassets in Resources */,
				EBF69A2C244103BB00246305 /* Main.storyboard in Resources */,
			);
			runOnlyForDeploymentPostprocessing = 0;
		};
/* End PBXResourcesBuildPhase section */

/* Begin PBXSourcesBuildPhase section */
		EBF69A1D244103BB00246305 /* Sources */ = {
			isa = PBXSourcesBuildPhase;
			buildActionMask = 2147483647;
			files = (
				EBF69A5F24412F6B00246305 /* AlertHelper.swift in Sources */,
				EBF69A472441060E00246305 /* CityModel.swift in Sources */,
				EBF69A4D244107A900246305 /* MainView.swift in Sources */,
				EBF69A6324414C9400246305 /* CityListView.swift in Sources */,
				EBF69A25244103BB00246305 /* AppDelegate.swift in Sources */,
				EBF69A5924411D9900246305 /* UIView+Shadow.swift in Sources */,
				EBF69A45244105F000246305 /* WeatherModel.swift in Sources */,
				EBF69A6124414C8A00246305 /* CityListViewController.swift in Sources */,
				EBF69A43244105E800246305 /* WeatherNetworkService.swift in Sources */,
				EBF69A5724411CC600246305 /* MainModel.swift in Sources */,
				EB95E8B32441DED700EFB887 /* CityListTableViewCell.swift in Sources */,
				EBF69A4B244107A300246305 /* MainViewController.swift in Sources */,
			);
			runOnlyForDeploymentPostprocessing = 0;
		};
/* End PBXSourcesBuildPhase section */

/* Begin PBXVariantGroup section */
		EBF69A2A244103BB00246305 /* Main.storyboard */ = {
			isa = PBXVariantGroup;
			children = (
				EBF69A2B244103BB00246305 /* Base */,
			);
			name = Main.storyboard;
			sourceTree = "<group>";
		};
		EBF69A2F244103BE00246305 /* LaunchScreen.storyboard */ = {
			isa = PBXVariantGroup;
			children = (
				EBF69A30244103BE00246305 /* Base */,
			);
			name = LaunchScreen.storyboard;
			sourceTree = "<group>";
		};
/* End PBXVariantGroup section */

/* Begin XCBuildConfiguration section */
		EBF69A33244103BE00246305 /* Debug */ = {
			isa = XCBuildConfiguration;
			buildSettings = {
				ALWAYS_SEARCH_USER_PATHS = NO;
				CLANG_ANALYZER_NONNULL = YES;
				CLANG_ANALYZER_NUMBER_OBJECT_CONVERSION = YES_AGGRESSIVE;
				CLANG_CXX_LANGUAGE_STANDARD = "gnu++14";
				CLANG_CXX_LIBRARY = "libc++";
				CLANG_ENABLE_MODULES = YES;
				CLANG_ENABLE_OBJC_ARC = YES;
				CLANG_ENABLE_OBJC_WEAK = YES;
				CLANG_WARN_BLOCK_CAPTURE_AUTORELEASING = YES;
				CLANG_WARN_BOOL_CONVERSION = YES;
				CLANG_WARN_COMMA = YES;
				CLANG_WARN_CONSTANT_CONVERSION = YES;
				CLANG_WARN_DEPRECATED_OBJC_IMPLEMENTATIONS = YES;
				CLANG_WARN_DIRECT_OBJC_ISA_USAGE = YES_ERROR;
				CLANG_WARN_DOCUMENTATION_COMMENTS = YES;
				CLANG_WARN_EMPTY_BODY = YES;
				CLANG_WARN_ENUM_CONVERSION = YES;
				CLANG_WARN_INFINITE_RECURSION = YES;
				CLANG_WARN_INT_CONVERSION = YES;
				CLANG_WARN_NON_LITERAL_NULL_CONVERSION = YES;
				CLANG_WARN_OBJC_IMPLICIT_RETAIN_SELF = YES;
				CLANG_WARN_OBJC_LITERAL_CONVERSION = YES;
				CLANG_WARN_OBJC_ROOT_CLASS = YES_ERROR;
				CLANG_WARN_RANGE_LOOP_ANALYSIS = YES;
				CLANG_WARN_STRICT_PROTOTYPES = YES;
				CLANG_WARN_SUSPICIOUS_MOVE = YES;
				CLANG_WARN_UNGUARDED_AVAILABILITY = YES_AGGRESSIVE;
				CLANG_WARN_UNREACHABLE_CODE = YES;
				CLANG_WARN__DUPLICATE_METHOD_MATCH = YES;
				COPY_PHASE_STRIP = NO;
				DEBUG_INFORMATION_FORMAT = dwarf;
				ENABLE_STRICT_OBJC_MSGSEND = YES;
				ENABLE_TESTABILITY = YES;
				GCC_C_LANGUAGE_STANDARD = gnu11;
				GCC_DYNAMIC_NO_PIC = NO;
				GCC_NO_COMMON_BLOCKS = YES;
				GCC_OPTIMIZATION_LEVEL = 0;
				GCC_PREPROCESSOR_DEFINITIONS = (
					"DEBUG=1",
					"$(inherited)",
				);
				GCC_WARN_64_TO_32_BIT_CONVERSION = YES;
				GCC_WARN_ABOUT_RETURN_TYPE = YES_ERROR;
				GCC_WARN_UNDECLARED_SELECTOR = YES;
				GCC_WARN_UNINITIALIZED_AUTOS = YES_AGGRESSIVE;
				GCC_WARN_UNUSED_FUNCTION = YES;
				GCC_WARN_UNUSED_VARIABLE = YES;
				IPHONEOS_DEPLOYMENT_TARGET = 13.4;
				MTL_ENABLE_DEBUG_INFO = INCLUDE_SOURCE;
				MTL_FAST_MATH = YES;
				ONLY_ACTIVE_ARCH = YES;
				SDKROOT = iphoneos;
				SWIFT_ACTIVE_COMPILATION_CONDITIONS = DEBUG;
				SWIFT_OPTIMIZATION_LEVEL = "-Onone";
			};
			name = Debug;
		};
		EBF69A34244103BE00246305 /* Release */ = {
			isa = XCBuildConfiguration;
			buildSettings = {
				ALWAYS_SEARCH_USER_PATHS = NO;
				CLANG_ANALYZER_NONNULL = YES;
				CLANG_ANALYZER_NUMBER_OBJECT_CONVERSION = YES_AGGRESSIVE;
				CLANG_CXX_LANGUAGE_STANDARD = "gnu++14";
				CLANG_CXX_LIBRARY = "libc++";
				CLANG_ENABLE_MODULES = YES;
				CLANG_ENABLE_OBJC_ARC = YES;
				CLANG_ENABLE_OBJC_WEAK = YES;
				CLANG_WARN_BLOCK_CAPTURE_AUTORELEASING = YES;
				CLANG_WARN_BOOL_CONVERSION = YES;
				CLANG_WARN_COMMA = YES;
				CLANG_WARN_CONSTANT_CONVERSION = YES;
				CLANG_WARN_DEPRECATED_OBJC_IMPLEMENTATIONS = YES;
				CLANG_WARN_DIRECT_OBJC_ISA_USAGE = YES_ERROR;
				CLANG_WARN_DOCUMENTATION_COMMENTS = YES;
				CLANG_WARN_EMPTY_BODY = YES;
				CLANG_WARN_ENUM_CONVERSION = YES;
				CLANG_WARN_INFINITE_RECURSION = YES;
				CLANG_WARN_INT_CONVERSION = YES;
				CLANG_WARN_NON_LITERAL_NULL_CONVERSION = YES;
				CLANG_WARN_OBJC_IMPLICIT_RETAIN_SELF = YES;
				CLANG_WARN_OBJC_LITERAL_CONVERSION = YES;
				CLANG_WARN_OBJC_ROOT_CLASS = YES_ERROR;
				CLANG_WARN_RANGE_LOOP_ANALYSIS = YES;
				CLANG_WARN_STRICT_PROTOTYPES = YES;
				CLANG_WARN_SUSPICIOUS_MOVE = YES;
				CLANG_WARN_UNGUARDED_AVAILABILITY = YES_AGGRESSIVE;
				CLANG_WARN_UNREACHABLE_CODE = YES;
				CLANG_WARN__DUPLICATE_METHOD_MATCH = YES;
				COPY_PHASE_STRIP = NO;
				DEBUG_INFORMATION_FORMAT = "dwarf-with-dsym";
				ENABLE_NS_ASSERTIONS = NO;
				ENABLE_STRICT_OBJC_MSGSEND = YES;
				GCC_C_LANGUAGE_STANDARD = gnu11;
				GCC_NO_COMMON_BLOCKS = YES;
				GCC_WARN_64_TO_32_BIT_CONVERSION = YES;
				GCC_WARN_ABOUT_RETURN_TYPE = YES_ERROR;
				GCC_WARN_UNDECLARED_SELECTOR = YES;
				GCC_WARN_UNINITIALIZED_AUTOS = YES_AGGRESSIVE;
				GCC_WARN_UNUSED_FUNCTION = YES;
				GCC_WARN_UNUSED_VARIABLE = YES;
				IPHONEOS_DEPLOYMENT_TARGET = 13.4;
				MTL_ENABLE_DEBUG_INFO = NO;
				MTL_FAST_MATH = YES;
				SDKROOT = iphoneos;
				SWIFT_COMPILATION_MODE = wholemodule;
				SWIFT_OPTIMIZATION_LEVEL = "-O";
				VALIDATE_PRODUCT = YES;
			};
			name = Release;
		};
		EBF69A36244103BE00246305 /* Debug */ = {
			isa = XCBuildConfiguration;
			buildSettings = {
				ASSETCATALOG_COMPILER_APPICON_NAME = AppIcon;
				CODE_SIGN_STYLE = Automatic;
				DEVELOPMENT_TEAM = DFZ8N2CQSG;
				INFOPLIST_FILE = SkyWeather/Info.plist;
				LD_RUNPATH_SEARCH_PATHS = (
					"$(inherited)",
					"@executable_path/Frameworks",
				);
				PRODUCT_BUNDLE_IDENTIFIER = VladMus.SkyWeather;
				PRODUCT_NAME = "$(TARGET_NAME)";
				SWIFT_VERSION = 5.0;
				TARGETED_DEVICE_FAMILY = 1;
			};
			name = Debug;
		};
		EBF69A37244103BE00246305 /* Release */ = {
			isa = XCBuildConfiguration;
			buildSettings = {
				ASSETCATALOG_COMPILER_APPICON_NAME = AppIcon;
				CODE_SIGN_STYLE = Automatic;
				DEVELOPMENT_TEAM = DFZ8N2CQSG;
				INFOPLIST_FILE = SkyWeather/Info.plist;
				LD_RUNPATH_SEARCH_PATHS = (
					"$(inherited)",
					"@executable_path/Frameworks",
				);
				PRODUCT_BUNDLE_IDENTIFIER = VladMus.SkyWeather;
				PRODUCT_NAME = "$(TARGET_NAME)";
				SWIFT_VERSION = 5.0;
				TARGETED_DEVICE_FAMILY = 1;
			};
			name = Release;
		};
/* End XCBuildConfiguration section */

/* Begin XCConfigurationList section */
		EBF69A1C244103BB00246305 /* Build configuration list for PBXProject "SkyWeather" */ = {
			isa = XCConfigurationList;
			buildConfigurations = (
				EBF69A33244103BE00246305 /* Debug */,
				EBF69A34244103BE00246305 /* Release */,
			);
			defaultConfigurationIsVisible = 0;
			defaultConfigurationName = Release;
		};
		EBF69A35244103BE00246305 /* Build configuration list for PBXNativeTarget "SkyWeather" */ = {
			isa = XCConfigurationList;
			buildConfigurations = (
				EBF69A36244103BE00246305 /* Debug */,
				EBF69A37244103BE00246305 /* Release */,
			);
			defaultConfigurationIsVisible = 0;
			defaultConfigurationName = Release;
		};
/* End XCConfigurationList section */

/* Begin XCRemoteSwiftPackageReference section */
		EBF69A38244104B900246305 /* XCRemoteSwiftPackageReference "lottie-ios" */ = {
			isa = XCRemoteSwiftPackageReference;
			repositoryURL = "https://github.com/airbnb/lottie-ios.git";
			requirement = {
				kind = upToNextMajorVersion;
				minimumVersion = 3.1.6;
			};
		};
/* End XCRemoteSwiftPackageReference section */

/* Begin XCSwiftPackageProductDependency section */
		EBF69A39244104B900246305 /* Lottie */ = {
			isa = XCSwiftPackageProductDependency;
			package = EBF69A38244104B900246305 /* XCRemoteSwiftPackageReference "lottie-ios" */;
			productName = Lottie;
		};
/* End XCSwiftPackageProductDependency section */
	};
	rootObject = EBF69A19244103BB00246305 /* Project object */;
}
